
Microsoft Visual Studio Solution File, Format Version 12.00
# Visual Studio Version 16
VisualStudioVersion = 16.0.29709.97
MinimumVisualStudioVersion = 10.0.40219.1
Project("{FAE04EC0-301F-11D3-BF4B-00C04F79EFBC}") = "DepartmentStore", "DepartmentStore\DepartmentStore.csproj", "{C7D3AEEB-D1FB-4050-9671-CCEFE71F9337}"
EndProject
Global
	GlobalSection(SolutionConfigurationPlatforms) = preSolution
		Debug|Any CPU = Debug|Any CPU
		Release|Any CPU = Release|Any CPU
	EndGlobalSection
	GlobalSection(ProjectConfigurationPlatforms) = postSolution
		{C7D3AEEB-D1FB-4050-9671-CCEFE71F9337}.Debug|Any CPU.ActiveCfg = Debug|Any CPU
		{C7D3AEEB-D1FB-4050-9671-CCEFE71F9337}.Debug|Any CPU.Build.0 = Debug|Any CPU
		{C7D3AEEB-D1FB-4050-9671-CCEFE71F9337}.Release|Any CPU.ActiveCfg = Release|Any CPU
		{C7D3AEEB-D1FB-4050-9671-CCEFE71F9337}.Release|Any CPU.Build.0 = Release|Any CPU
	EndGlobalSection
	GlobalSection(SolutionProperties) = preSolution
		HideSolutionNode = FALSE
	EndGlobalSection
	GlobalSection(ExtensibilityGlobals) = postSolution
		SolutionGuid = {34797E81-F68D-43A3-8DD7-BAE19C04C9A7}
	EndGlobalSection
EndGlobal
